// !$*UTF8*$!
{
	archiveVersion = 1;
	classes = {
	};
	objectVersion = 46;
	objects = {

/* Begin PBXBuildFile section */
		3128A7DB19083E47002E8F92 /* Foundation.framework in Frameworks */ = {isa = PBXBuildFile; fileRef = 3128A7DA19083E47002E8F92 /* Foundation.framework */; };
		3128A7DD19083E47002E8F92 /* CoreGraphics.framework in Frameworks */ = {isa = PBXBuildFile; fileRef = 3128A7DC19083E47002E8F92 /* CoreGraphics.framework */; };
		3128A7DF19083E47002E8F92 /* UIKit.framework in Frameworks */ = {isa = PBXBuildFile; fileRef = 3128A7DE19083E47002E8F92 /* UIKit.framework */; };
		3128A7E519083E47002E8F92 /* InfoPlist.strings in Resources */ = {isa = PBXBuildFile; fileRef = 3128A7E319083E47002E8F92 /* InfoPlist.strings */; };
		3128A7E719083E47002E8F92 /* main.m in Sources */ = {isa = PBXBuildFile; fileRef = 3128A7E619083E47002E8F92 /* main.m */; };
		3128A7EB19083E47002E8F92 /* AppDelegate.m in Sources */ = {isa = PBXBuildFile; fileRef = 3128A7EA19083E47002E8F92 /* AppDelegate.m */; };
		3128A7EE19083E47002E8F92 /* Main.storyboard in Resources */ = {isa = PBXBuildFile; fileRef = 3128A7EC19083E47002E8F92 /* Main.storyboard */; };
		3128A7F319083E47002E8F92 /* Images.xcassets in Resources */ = {isa = PBXBuildFile; fileRef = 3128A7F219083E47002E8F92 /* Images.xcassets */; };
		3128A7FA19083E47002E8F92 /* XCTest.framework in Frameworks */ = {isa = PBXBuildFile; fileRef = 3128A7F919083E47002E8F92 /* XCTest.framework */; };
		3128A7FB19083E47002E8F92 /* Foundation.framework in Frameworks */ = {isa = PBXBuildFile; fileRef = 3128A7DA19083E47002E8F92 /* Foundation.framework */; };
		3128A7FC19083E47002E8F92 /* UIKit.framework in Frameworks */ = {isa = PBXBuildFile; fileRef = 3128A7DE19083E47002E8F92 /* UIKit.framework */; };
		3128A80419083E47002E8F92 /* InfoPlist.strings in Resources */ = {isa = PBXBuildFile; fileRef = 3128A80219083E47002E8F92 /* InfoPlist.strings */; };
		3128A80619083E47002E8F92 /* WHClubBookTests.m in Sources */ = {isa = PBXBuildFile; fileRef = 3128A80519083E47002E8F92 /* WHClubBookTests.m */; };
		3128A83519083FA7002E8F92 /* AFURLRequestSerialization.m in Sources */ = {isa = PBXBuildFile; fileRef = 3128A83219083FA7002E8F92 /* AFURLRequestSerialization.m */; };
		3128A83619083FA7002E8F92 /* AFURLResponseSerialization.m in Sources */ = {isa = PBXBuildFile; fileRef = 3128A83419083FA7002E8F92 /* AFURLResponseSerialization.m */; };
		3128A83919083FD2002E8F92 /* AFURLSessionManager.m in Sources */ = {isa = PBXBuildFile; fileRef = 3128A83819083FD2002E8F92 /* AFURLSessionManager.m */; };
		3128A83C19083FEF002E8F92 /* AFHTTPSessionManager.m in Sources */ = {isa = PBXBuildFile; fileRef = 3128A83B19083FEF002E8F92 /* AFHTTPSessionManager.m */; };
		3128A83F1908400E002E8F92 /* AFSecurityPolicy.m in Sources */ = {isa = PBXBuildFile; fileRef = 3128A83E1908400E002E8F92 /* AFSecurityPolicy.m */; };
		3128A8431908404B002E8F92 /* AFNetworkReachabilityManager.m in Sources */ = {isa = PBXBuildFile; fileRef = 3128A8421908404B002E8F92 /* AFNetworkReachabilityManager.m */; };
		3128A8481908407F002E8F92 /* AFHTTPRequestOperation.m in Sources */ = {isa = PBXBuildFile; fileRef = 3128A8451908407F002E8F92 /* AFHTTPRequestOperation.m */; };
		3128A8491908407F002E8F92 /* AFHTTPRequestOperationManager.m in Sources */ = {isa = PBXBuildFile; fileRef = 3128A8471908407F002E8F92 /* AFHTTPRequestOperationManager.m */; };
		3128A84C190840A7002E8F92 /* AFURLConnectionOperation.m in Sources */ = {isa = PBXBuildFile; fileRef = 3128A84B190840A7002E8F92 /* AFURLConnectionOperation.m */; };
		3128A86A1908410F002E8F92 /* PieChart.m in Sources */ = {isa = PBXBuildFile; fileRef = 3128A8511908410F002E8F92 /* PieChart.m */; };
		3128A86E1908410F002E8F92 /* SignInViewController.m in Sources */ = {isa = PBXBuildFile; fileRef = 3128A8581908410F002E8F92 /* SignInViewController.m */; };
		3128A8721908410F002E8F92 /* Venue.m in Sources */ = {isa = PBXBuildFile; fileRef = 3128A85F1908410F002E8F92 /* Venue.m */; };
		3128A8741908410F002E8F92 /* VenueDetailedViewController.m in Sources */ = {isa = PBXBuildFile; fileRef = 3128A8621908410F002E8F92 /* VenueDetailedViewController.m */; };
		3128A8751908410F002E8F92 /* VenueTableView.m in Sources */ = {isa = PBXBuildFile; fileRef = 3128A8641908410F002E8F92 /* VenueTableView.m */; };
		3128A8761908410F002E8F92 /* VenueTableViewCell.m in Sources */ = {isa = PBXBuildFile; fileRef = 3128A8661908410F002E8F92 /* VenueTableViewCell.m */; };
		3128A8771908410F002E8F92 /* VenueTableViewCell.xib in Resources */ = {isa = PBXBuildFile; fileRef = 3128A8671908410F002E8F92 /* VenueTableViewCell.xib */; };
		3128A88019084142002E8F92 /* female.png in Resources */ = {isa = PBXBuildFile; fileRef = 3128A87919084142002E8F92 /* female.png */; };
		3128A88219084142002E8F92 /* image1.jpg in Resources */ = {isa = PBXBuildFile; fileRef = 3128A87C19084142002E8F92 /* image1.jpg */; };
		3128A88319084142002E8F92 /* image2.jpg in Resources */ = {isa = PBXBuildFile; fileRef = 3128A87D19084142002E8F92 /* image2.jpg */; };
		3128A88419084142002E8F92 /* image3.jpg in Resources */ = {isa = PBXBuildFile; fileRef = 3128A87E19084142002E8F92 /* image3.jpg */; };
		3128A88519084142002E8F92 /* image4.jpg in Resources */ = {isa = PBXBuildFile; fileRef = 3128A87F19084142002E8F92 /* image4.jpg */; };
		3128A8881908415A002E8F92 /* Background.png in Resources */ = {isa = PBXBuildFile; fileRef = 3128A8861908415A002E8F92 /* Background.png */; };
		3128A8891908415A002E8F92 /* Background@2x.png in Resources */ = {isa = PBXBuildFile; fileRef = 3128A8871908415A002E8F92 /* Background@2x.png */; };
		3128A89A19084313002E8F92 /* UIActivityIndicatorView+AFNetworking.m in Sources */ = {isa = PBXBuildFile; fileRef = 3128A88C19084313002E8F92 /* UIActivityIndicatorView+AFNetworking.m */; };
		3128A89B19084313002E8F92 /* UIAlertView+AFNetworking.m in Sources */ = {isa = PBXBuildFile; fileRef = 3128A88E19084313002E8F92 /* UIAlertView+AFNetworking.m */; };
		3128A89C19084313002E8F92 /* UIButton+AFNetworking.m in Sources */ = {isa = PBXBuildFile; fileRef = 3128A89019084313002E8F92 /* UIButton+AFNetworking.m */; };
		3128A89D19084313002E8F92 /* UIImageView+AFNetworking.m in Sources */ = {isa = PBXBuildFile; fileRef = 3128A89219084313002E8F92 /* UIImageView+AFNetworking.m */; };
		3128A89E19084313002E8F92 /* UIProgressView+AFNetworking.m in Sources */ = {isa = PBXBuildFile; fileRef = 3128A89519084313002E8F92 /* UIProgressView+AFNetworking.m */; };
		3128A89F19084313002E8F92 /* UIRefreshControl+AFNetworking.m in Sources */ = {isa = PBXBuildFile; fileRef = 3128A89719084313002E8F92 /* UIRefreshControl+AFNetworking.m */; };
		3128A8A019084313002E8F92 /* UIWebView+AFNetworking.m in Sources */ = {isa = PBXBuildFile; fileRef = 3128A89919084313002E8F92 /* UIWebView+AFNetworking.m */; };
		3128A8A519084352002E8F92 /* LaunchViewController.m in Sources */ = {isa = PBXBuildFile; fileRef = 3128A8A319084352002E8F92 /* LaunchViewController.m */; };
		3128A8B8190843DD002E8F92 /* SlideNavigationContorllerAnimatorFade.m in Sources */ = {isa = PBXBuildFile; fileRef = 3128A8AA190843DD002E8F92 /* SlideNavigationContorllerAnimatorFade.m */; };
		3128A8B9190843DD002E8F92 /* SlideNavigationContorllerAnimatorScale.m in Sources */ = {isa = PBXBuildFile; fileRef = 3128A8AC190843DD002E8F92 /* SlideNavigationContorllerAnimatorScale.m */; };
		3128A8BA190843DD002E8F92 /* SlideNavigationContorllerAnimatorScaleAndFade.m in Sources */ = {isa = PBXBuildFile; fileRef = 3128A8AE190843DD002E8F92 /* SlideNavigationContorllerAnimatorScaleAndFade.m */; };
		3128A8BB190843DD002E8F92 /* SlideNavigationContorllerAnimatorSlide.m in Sources */ = {isa = PBXBuildFile; fileRef = 3128A8B0190843DD002E8F92 /* SlideNavigationContorllerAnimatorSlide.m */; };
		3128A8BC190843DD002E8F92 /* SlideNavigationContorllerAnimatorSlideAndFade.m in Sources */ = {isa = PBXBuildFile; fileRef = 3128A8B2190843DD002E8F92 /* SlideNavigationContorllerAnimatorSlideAndFade.m */; };
		3128A8BD190843DD002E8F92 /* menu-button.png in Resources */ = {isa = PBXBuildFile; fileRef = 3128A8B4190843DD002E8F92 /* menu-button.png */; };
		3128A8BE190843DD002E8F92 /* menu-button@2x.png in Resources */ = {isa = PBXBuildFile; fileRef = 3128A8B5190843DD002E8F92 /* menu-button@2x.png */; };
		3128A8C219084462002E8F92 /* MenuViewController.m in Sources */ = {isa = PBXBuildFile; fileRef = 3128A8C119084462002E8F92 /* MenuViewController.m */; };
		3128A8DB19084985002E8F92 /* AFNetworkActivityIndicatorManager.m in Sources */ = {isa = PBXBuildFile; fileRef = 3128A8DA19084985002E8F92 /* AFNetworkActivityIndicatorManager.m */; };
		3128A8E41908F13E002E8F92 /* SignUpViewController.m in Sources */ = {isa = PBXBuildFile; fileRef = 3128A8E31908F13E002E8F92 /* SignUpViewController.m */; };
		3128A8E71908F5A4002E8F92 /* WHHTTPClient.m in Sources */ = {isa = PBXBuildFile; fileRef = 3128A8E61908F5A4002E8F92 /* WHHTTPClient.m */; };
		3128A8EA19090317002E8F92 /* PhotoUploadViewController.m in Sources */ = {isa = PBXBuildFile; fileRef = 3128A8E919090317002E8F92 /* PhotoUploadViewController.m */; };
		3128A93119099BC5002E8F92 /* SlideNavigationController.m in Sources */ = {isa = PBXBuildFile; fileRef = 3128A93019099BC5002E8F92 /* SlideNavigationController.m */; };
		3128A9381909A271002E8F92 /* PushCustomSegue.m in Sources */ = {isa = PBXBuildFile; fileRef = 3128A9371909A271002E8F92 /* PushCustomSegue.m */; };
		3128A9441909ECF4002E8F92 /* SettingViewController.m in Sources */ = {isa = PBXBuildFile; fileRef = 3128A9431909ECF4002E8F92 /* SettingViewController.m */; };
		3128A95A190B077A002E8F92 /* PhotoViewCell.m in Sources */ = {isa = PBXBuildFile; fileRef = 3128A958190B077A002E8F92 /* PhotoViewCell.m */; };
		3128A95B190B077A002E8F92 /* PhotoViewCell.xib in Resources */ = {isa = PBXBuildFile; fileRef = 3128A959190B077A002E8F92 /* PhotoViewCell.xib */; };
		3128A95F190B085B002E8F92 /* BasicProfileCell.m in Sources */ = {isa = PBXBuildFile; fileRef = 3128A95D190B085B002E8F92 /* BasicProfileCell.m */; };
		3128A960190B085B002E8F92 /* BasicProfileCell.xib in Resources */ = {isa = PBXBuildFile; fileRef = 3128A95E190B085B002E8F92 /* BasicProfileCell.xib */; };
		3128A962190B24C3002E8F92 /* Phone.png in Resources */ = {isa = PBXBuildFile; fileRef = 3128A961190B24C3002E8F92 /* Phone.png */; };
		3128A965190B2BE4002E8F92 /* EditViewController.m in Sources */ = {isa = PBXBuildFile; fileRef = 3128A964190B2BE4002E8F92 /* EditViewController.m */; };
		3128A973190C908C002E8F92 /* GBPathImageView.m in Sources */ = {isa = PBXBuildFile; fileRef = 3128A972190C908C002E8F92 /* GBPathImageView.m */; };
		3128A977190CAF56002E8F92 /* UIAlertView+Blocks.m in Sources */ = {isa = PBXBuildFile; fileRef = 3128A976190CAF56002E8F92 /* UIAlertView+Blocks.m */; };
		3128A97F190CDD6E002E8F92 /* CommonDataManager.m in Sources */ = {isa = PBXBuildFile; fileRef = 3128A97E190CDD6E002E8F92 /* CommonDataManager.m */; };
		3128A982190D200D002E8F92 /* VenueViewController.m in Sources */ = {isa = PBXBuildFile; fileRef = 3128A981190D200C002E8F92 /* VenueViewController.m */; };
		31A9884F190E42210060624C /* ChatViewController.m in Sources */ = {isa = PBXBuildFile; fileRef = 31A9884E190E42210060624C /* ChatViewController.m */; };
		31A98852190E42730060624C /* AboutViewController.m in Sources */ = {isa = PBXBuildFile; fileRef = 31A98851190E42720060624C /* AboutViewController.m */; };
/* End PBXBuildFile section */

/* Begin PBXContainerItemProxy section */
		3128A7FD19083E47002E8F92 /* PBXContainerItemProxy */ = {
			isa = PBXContainerItemProxy;
			containerPortal = 3128A7CF19083E46002E8F92 /* Project object */;
			proxyType = 1;
			remoteGlobalIDString = 3128A7D619083E47002E8F92;
			remoteInfo = WHClubBook;
		};
/* End PBXContainerItemProxy section */

/* Begin PBXFileReference section */
		3128A7D719083E47002E8F92 /* WHClubBook.app */ = {isa = PBXFileReference; explicitFileType = wrapper.application; includeInIndex = 0; path = WHClubBook.app; sourceTree = BUILT_PRODUCTS_DIR; };
		3128A7DA19083E47002E8F92 /* Foundation.framework */ = {isa = PBXFileReference; lastKnownFileType = wrapper.framework; name = Foundation.framework; path = System/Library/Frameworks/Foundation.framework; sourceTree = SDKROOT; };
		3128A7DC19083E47002E8F92 /* CoreGraphics.framework */ = {isa = PBXFileReference; lastKnownFileType = wrapper.framework; name = CoreGraphics.framework; path = System/Library/Frameworks/CoreGraphics.framework; sourceTree = SDKROOT; };
		3128A7DE19083E47002E8F92 /* UIKit.framework */ = {isa = PBXFileReference; lastKnownFileType = wrapper.framework; name = UIKit.framework; path = System/Library/Frameworks/UIKit.framework; sourceTree = SDKROOT; };
		3128A7E219083E47002E8F92 /* WHClubBook-Info.plist */ = {isa = PBXFileReference; lastKnownFileType = text.plist.xml; path = "WHClubBook-Info.plist"; sourceTree = "<group>"; };
		3128A7E419083E47002E8F92 /* en */ = {isa = PBXFileReference; lastKnownFileType = text.plist.strings; name = en; path = en.lproj/InfoPlist.strings; sourceTree = "<group>"; };
		3128A7E619083E47002E8F92 /* main.m */ = {isa = PBXFileReference; lastKnownFileType = sourcecode.c.objc; path = main.m; sourceTree = "<group>"; };
		3128A7E819083E47002E8F92 /* WHClubBook-Prefix.pch */ = {isa = PBXFileReference; lastKnownFileType = sourcecode.c.h; path = "WHClubBook-Prefix.pch"; sourceTree = "<group>"; };
		3128A7E919083E47002E8F92 /* AppDelegate.h */ = {isa = PBXFileReference; lastKnownFileType = sourcecode.c.h; path = AppDelegate.h; sourceTree = "<group>"; };
		3128A7EA19083E47002E8F92 /* AppDelegate.m */ = {isa = PBXFileReference; lastKnownFileType = sourcecode.c.objc; path = AppDelegate.m; sourceTree = "<group>"; };
		3128A7ED19083E47002E8F92 /* Base */ = {isa = PBXFileReference; lastKnownFileType = file.storyboard; name = Base; path = Base.lproj/Main.storyboard; sourceTree = "<group>"; };
		3128A7F219083E47002E8F92 /* Images.xcassets */ = {isa = PBXFileReference; lastKnownFileType = folder.assetcatalog; path = Images.xcassets; sourceTree = "<group>"; };
		3128A7F819083E47002E8F92 /* WHClubBookTests.xctest */ = {isa = PBXFileReference; explicitFileType = wrapper.cfbundle; includeInIndex = 0; path = WHClubBookTests.xctest; sourceTree = BUILT_PRODUCTS_DIR; };
		3128A7F919083E47002E8F92 /* XCTest.framework */ = {isa = PBXFileReference; lastKnownFileType = wrapper.framework; name = XCTest.framework; path = Library/Frameworks/XCTest.framework; sourceTree = DEVELOPER_DIR; };
		3128A80119083E47002E8F92 /* WHClubBookTests-Info.plist */ = {isa = PBXFileReference; lastKnownFileType = text.plist.xml; path = "WHClubBookTests-Info.plist"; sourceTree = "<group>"; };
		3128A80319083E47002E8F92 /* en */ = {isa = PBXFileReference; lastKnownFileType = text.plist.strings; name = en; path = en.lproj/InfoPlist.strings; sourceTree = "<group>"; };
		3128A80519083E47002E8F92 /* WHClubBookTests.m */ = {isa = PBXFileReference; lastKnownFileType = sourcecode.c.objc; path = WHClubBookTests.m; sourceTree = "<group>"; };
		3128A83119083FA7002E8F92 /* AFURLRequestSerialization.h */ = {isa = PBXFileReference; fileEncoding = 4; lastKnownFileType = sourcecode.c.h; path = AFURLRequestSerialization.h; sourceTree = "<group>"; };
		3128A83219083FA7002E8F92 /* AFURLRequestSerialization.m */ = {isa = PBXFileReference; fileEncoding = 4; lastKnownFileType = sourcecode.c.objc; path = AFURLRequestSerialization.m; sourceTree = "<group>"; };
		3128A83319083FA7002E8F92 /* AFURLResponseSerialization.h */ = {isa = PBXFileReference; fileEncoding = 4; lastKnownFileType = sourcecode.c.h; path = AFURLResponseSerialization.h; sourceTree = "<group>"; };
		3128A83419083FA7002E8F92 /* AFURLResponseSerialization.m */ = {isa = PBXFileReference; fileEncoding = 4; lastKnownFileType = sourcecode.c.objc; path = AFURLResponseSerialization.m; sourceTree = "<group>"; };
		3128A83719083FD2002E8F92 /* AFURLSessionManager.h */ = {isa = PBXFileReference; fileEncoding = 4; lastKnownFileType = sourcecode.c.h; path = AFURLSessionManager.h; sourceTree = "<group>"; };
		3128A83819083FD2002E8F92 /* AFURLSessionManager.m */ = {isa = PBXFileReference; fileEncoding = 4; lastKnownFileType = sourcecode.c.objc; path = AFURLSessionManager.m; sourceTree = "<group>"; };
		3128A83A19083FEF002E8F92 /* AFHTTPSessionManager.h */ = {isa = PBXFileReference; fileEncoding = 4; lastKnownFileType = sourcecode.c.h; path = AFHTTPSessionManager.h; sourceTree = "<group>"; };
		3128A83B19083FEF002E8F92 /* AFHTTPSessionManager.m */ = {isa = PBXFileReference; fileEncoding = 4; lastKnownFileType = sourcecode.c.objc; path = AFHTTPSessionManager.m; sourceTree = "<group>"; };
		3128A83D1908400E002E8F92 /* AFSecurityPolicy.h */ = {isa = PBXFileReference; fileEncoding = 4; lastKnownFileType = sourcecode.c.h; path = AFSecurityPolicy.h; sourceTree = "<group>"; };
		3128A83E1908400E002E8F92 /* AFSecurityPolicy.m */ = {isa = PBXFileReference; fileEncoding = 4; lastKnownFileType = sourcecode.c.objc; path = AFSecurityPolicy.m; sourceTree = "<group>"; };
		3128A84019084027002E8F92 /* AFNetworking.h */ = {isa = PBXFileReference; lastKnownFileType = sourcecode.c.h; path = AFNetworking.h; sourceTree = "<group>"; };
		3128A8411908404B002E8F92 /* AFNetworkReachabilityManager.h */ = {isa = PBXFileReference; fileEncoding = 4; lastKnownFileType = sourcecode.c.h; path = AFNetworkReachabilityManager.h; sourceTree = "<group>"; };
		3128A8421908404B002E8F92 /* AFNetworkReachabilityManager.m */ = {isa = PBXFileReference; fileEncoding = 4; lastKnownFileType = sourcecode.c.objc; path = AFNetworkReachabilityManager.m; sourceTree = "<group>"; };
		3128A8441908407F002E8F92 /* AFHTTPRequestOperation.h */ = {isa = PBXFileReference; fileEncoding = 4; lastKnownFileType = sourcecode.c.h; path = AFHTTPRequestOperation.h; sourceTree = "<group>"; };
		3128A8451908407F002E8F92 /* AFHTTPRequestOperation.m */ = {isa = PBXFileReference; fileEncoding = 4; lastKnownFileType = sourcecode.c.objc; path = AFHTTPRequestOperation.m; sourceTree = "<group>"; };
		3128A8461908407F002E8F92 /* AFHTTPRequestOperationManager.h */ = {isa = PBXFileReference; fileEncoding = 4; lastKnownFileType = sourcecode.c.h; path = AFHTTPRequestOperationManager.h; sourceTree = "<group>"; };
		3128A8471908407F002E8F92 /* AFHTTPRequestOperationManager.m */ = {isa = PBXFileReference; fileEncoding = 4; lastKnownFileType = sourcecode.c.objc; path = AFHTTPRequestOperationManager.m; sourceTree = "<group>"; };
		3128A84A190840A7002E8F92 /* AFURLConnectionOperation.h */ = {isa = PBXFileReference; fileEncoding = 4; lastKnownFileType = sourcecode.c.h; path = AFURLConnectionOperation.h; sourceTree = "<group>"; };
		3128A84B190840A7002E8F92 /* AFURLConnectionOperation.m */ = {isa = PBXFileReference; fileEncoding = 4; lastKnownFileType = sourcecode.c.objc; path = AFURLConnectionOperation.m; sourceTree = "<group>"; };
		3128A8501908410F002E8F92 /* PieChart.h */ = {isa = PBXFileReference; fileEncoding = 4; lastKnownFileType = sourcecode.c.h; path = PieChart.h; sourceTree = "<group>"; };
		3128A8511908410F002E8F92 /* PieChart.m */ = {isa = PBXFileReference; fileEncoding = 4; lastKnownFileType = sourcecode.c.objc; path = PieChart.m; sourceTree = "<group>"; };
		3128A8571908410F002E8F92 /* SignInViewController.h */ = {isa = PBXFileReference; fileEncoding = 4; lastKnownFileType = sourcecode.c.h; path = SignInViewController.h; sourceTree = "<group>"; };
		3128A8581908410F002E8F92 /* SignInViewController.m */ = {isa = PBXFileReference; fileEncoding = 4; lastKnownFileType = sourcecode.c.objc; path = SignInViewController.m; sourceTree = "<group>"; };
		3128A85E1908410F002E8F92 /* Venue.h */ = {isa = PBXFileReference; fileEncoding = 4; lastKnownFileType = sourcecode.c.h; path = Venue.h; sourceTree = "<group>"; };
		3128A85F1908410F002E8F92 /* Venue.m */ = {isa = PBXFileReference; fileEncoding = 4; lastKnownFileType = sourcecode.c.objc; path = Venue.m; sourceTree = "<group>"; };
		3128A8611908410F002E8F92 /* VenueDetailedViewController.h */ = {isa = PBXFileReference; fileEncoding = 4; lastKnownFileType = sourcecode.c.h; path = VenueDetailedViewController.h; sourceTree = "<group>"; };
		3128A8621908410F002E8F92 /* VenueDetailedViewController.m */ = {isa = PBXFileReference; fileEncoding = 4; lastKnownFileType = sourcecode.c.objc; path = VenueDetailedViewController.m; sourceTree = "<group>"; };
		3128A8631908410F002E8F92 /* VenueTableView.h */ = {isa = PBXFileReference; fileEncoding = 4; lastKnownFileType = sourcecode.c.h; path = VenueTableView.h; sourceTree = "<group>"; };
		3128A8641908410F002E8F92 /* VenueTableView.m */ = {isa = PBXFileReference; fileEncoding = 4; lastKnownFileType = sourcecode.c.objc; path = VenueTableView.m; sourceTree = "<group>"; };
		3128A8651908410F002E8F92 /* VenueTableViewCell.h */ = {isa = PBXFileReference; fileEncoding = 4; lastKnownFileType = sourcecode.c.h; path = VenueTableViewCell.h; sourceTree = "<group>"; };
		3128A8661908410F002E8F92 /* VenueTableViewCell.m */ = {isa = PBXFileReference; fileEncoding = 4; lastKnownFileType = sourcecode.c.objc; path = VenueTableViewCell.m; sourceTree = "<group>"; };
		3128A8671908410F002E8F92 /* VenueTableViewCell.xib */ = {isa = PBXFileReference; fileEncoding = 4; lastKnownFileType = file.xib; path = VenueTableViewCell.xib; sourceTree = "<group>"; };
		3128A87919084142002E8F92 /* female.png */ = {isa = PBXFileReference; lastKnownFileType = image.png; path = female.png; sourceTree = "<group>"; };
		3128A87C19084142002E8F92 /* image1.jpg */ = {isa = PBXFileReference; lastKnownFileType = image.jpeg; path = image1.jpg; sourceTree = "<group>"; };
		3128A87D19084142002E8F92 /* image2.jpg */ = {isa = PBXFileReference; lastKnownFileType = image.jpeg; path = image2.jpg; sourceTree = "<group>"; };
		3128A87E19084142002E8F92 /* image3.jpg */ = {isa = PBXFileReference; lastKnownFileType = image.jpeg; path = image3.jpg; sourceTree = "<group>"; };
		3128A87F19084142002E8F92 /* image4.jpg */ = {isa = PBXFileReference; lastKnownFileType = image.jpeg; path = image4.jpg; sourceTree = "<group>"; };
		3128A8861908415A002E8F92 /* Background.png */ = {isa = PBXFileReference; lastKnownFileType = image.png; path = Background.png; sourceTree = "<group>"; };
		3128A8871908415A002E8F92 /* Background@2x.png */ = {isa = PBXFileReference; lastKnownFileType = image.png; path = "Background@2x.png"; sourceTree = "<group>"; };
		3128A88B19084313002E8F92 /* UIActivityIndicatorView+AFNetworking.h */ = {isa = PBXFileReference; fileEncoding = 4; lastKnownFileType = sourcecode.c.h; path = "UIActivityIndicatorView+AFNetworking.h"; sourceTree = "<group>"; };
		3128A88C19084313002E8F92 /* UIActivityIndicatorView+AFNetworking.m */ = {isa = PBXFileReference; fileEncoding = 4; lastKnownFileType = sourcecode.c.objc; path = "UIActivityIndicatorView+AFNetworking.m"; sourceTree = "<group>"; };
		3128A88D19084313002E8F92 /* UIAlertView+AFNetworking.h */ = {isa = PBXFileReference; fileEncoding = 4; lastKnownFileType = sourcecode.c.h; path = "UIAlertView+AFNetworking.h"; sourceTree = "<group>"; };
		3128A88E19084313002E8F92 /* UIAlertView+AFNetworking.m */ = {isa = PBXFileReference; fileEncoding = 4; lastKnownFileType = sourcecode.c.objc; path = "UIAlertView+AFNetworking.m"; sourceTree = "<group>"; };
		3128A88F19084313002E8F92 /* UIButton+AFNetworking.h */ = {isa = PBXFileReference; fileEncoding = 4; lastKnownFileType = sourcecode.c.h; path = "UIButton+AFNetworking.h"; sourceTree = "<group>"; };
		3128A89019084313002E8F92 /* UIButton+AFNetworking.m */ = {isa = PBXFileReference; fileEncoding = 4; lastKnownFileType = sourcecode.c.objc; path = "UIButton+AFNetworking.m"; sourceTree = "<group>"; };
		3128A89119084313002E8F92 /* UIImageView+AFNetworking.h */ = {isa = PBXFileReference; fileEncoding = 4; lastKnownFileType = sourcecode.c.h; path = "UIImageView+AFNetworking.h"; sourceTree = "<group>"; };
		3128A89219084313002E8F92 /* UIImageView+AFNetworking.m */ = {isa = PBXFileReference; fileEncoding = 4; lastKnownFileType = sourcecode.c.objc; path = "UIImageView+AFNetworking.m"; sourceTree = "<group>"; };
		3128A89319084313002E8F92 /* UIKit+AFNetworking.h */ = {isa = PBXFileReference; fileEncoding = 4; lastKnownFileType = sourcecode.c.h; path = "UIKit+AFNetworking.h"; sourceTree = "<group>"; };
		3128A89419084313002E8F92 /* UIProgressView+AFNetworking.h */ = {isa = PBXFileReference; fileEncoding = 4; lastKnownFileType = sourcecode.c.h; path = "UIProgressView+AFNetworking.h"; sourceTree = "<group>"; };
		3128A89519084313002E8F92 /* UIProgressView+AFNetworking.m */ = {isa = PBXFileReference; fileEncoding = 4; lastKnownFileType = sourcecode.c.objc; path = "UIProgressView+AFNetworking.m"; sourceTree = "<group>"; };
		3128A89619084313002E8F92 /* UIRefreshControl+AFNetworking.h */ = {isa = PBXFileReference; fileEncoding = 4; lastKnownFileType = sourcecode.c.h; path = "UIRefreshControl+AFNetworking.h"; sourceTree = "<group>"; };
		3128A89719084313002E8F92 /* UIRefreshControl+AFNetworking.m */ = {isa = PBXFileReference; fileEncoding = 4; lastKnownFileType = sourcecode.c.objc; path = "UIRefreshControl+AFNetworking.m"; sourceTree = "<group>"; };
		3128A89819084313002E8F92 /* UIWebView+AFNetworking.h */ = {isa = PBXFileReference; fileEncoding = 4; lastKnownFileType = sourcecode.c.h; path = "UIWebView+AFNetworking.h"; sourceTree = "<group>"; };
		3128A89919084313002E8F92 /* UIWebView+AFNetworking.m */ = {isa = PBXFileReference; fileEncoding = 4; lastKnownFileType = sourcecode.c.objc; path = "UIWebView+AFNetworking.m"; sourceTree = "<group>"; };
		3128A8A219084352002E8F92 /* LaunchViewController.h */ = {isa = PBXFileReference; fileEncoding = 4; lastKnownFileType = sourcecode.c.h; path = LaunchViewController.h; sourceTree = "<group>"; };
		3128A8A319084352002E8F92 /* LaunchViewController.m */ = {isa = PBXFileReference; fileEncoding = 4; lastKnownFileType = sourcecode.c.objc; path = LaunchViewController.m; sourceTree = "<group>"; };
		3128A8A8190843DD002E8F92 /* SlideNavigationContorllerAnimator.h */ = {isa = PBXFileReference; fileEncoding = 4; lastKnownFileType = sourcecode.c.h; path = SlideNavigationContorllerAnimator.h; sourceTree = "<group>"; };
		3128A8A9190843DD002E8F92 /* SlideNavigationContorllerAnimatorFade.h */ = {isa = PBXFileReference; fileEncoding = 4; lastKnownFileType = sourcecode.c.h; path = SlideNavigationContorllerAnimatorFade.h; sourceTree = "<group>"; };
		3128A8AA190843DD002E8F92 /* SlideNavigationContorllerAnimatorFade.m */ = {isa = PBXFileReference; fileEncoding = 4; lastKnownFileType = sourcecode.c.objc; path = SlideNavigationContorllerAnimatorFade.m; sourceTree = "<group>"; };
		3128A8AB190843DD002E8F92 /* SlideNavigationContorllerAnimatorScale.h */ = {isa = PBXFileReference; fileEncoding = 4; lastKnownFileType = sourcecode.c.h; path = SlideNavigationContorllerAnimatorScale.h; sourceTree = "<group>"; };
		3128A8AC190843DD002E8F92 /* SlideNavigationContorllerAnimatorScale.m */ = {isa = PBXFileReference; fileEncoding = 4; lastKnownFileType = sourcecode.c.objc; path = SlideNavigationContorllerAnimatorScale.m; sourceTree = "<group>"; };
		3128A8AD190843DD002E8F92 /* SlideNavigationContorllerAnimatorScaleAndFade.h */ = {isa = PBXFileReference; fileEncoding = 4; lastKnownFileType = sourcecode.c.h; path = SlideNavigationContorllerAnimatorScaleAndFade.h; sourceTree = "<group>"; };
		3128A8AE190843DD002E8F92 /* SlideNavigationContorllerAnimatorScaleAndFade.m */ = {isa = PBXFileReference; fileEncoding = 4; lastKnownFileType = sourcecode.c.objc; path = SlideNavigationContorllerAnimatorScaleAndFade.m; sourceTree = "<group>"; };
		3128A8AF190843DD002E8F92 /* SlideNavigationContorllerAnimatorSlide.h */ = {isa = PBXFileReference; fileEncoding = 4; lastKnownFileType = sourcecode.c.h; path = SlideNavigationContorllerAnimatorSlide.h; sourceTree = "<group>"; };
		3128A8B0190843DD002E8F92 /* SlideNavigationContorllerAnimatorSlide.m */ = {isa = PBXFileReference; fileEncoding = 4; lastKnownFileType = sourcecode.c.objc; path = SlideNavigationContorllerAnimatorSlide.m; sourceTree = "<group>"; };
		3128A8B1190843DD002E8F92 /* SlideNavigationContorllerAnimatorSlideAndFade.h */ = {isa = PBXFileReference; fileEncoding = 4; lastKnownFileType = sourcecode.c.h; path = SlideNavigationContorllerAnimatorSlideAndFade.h; sourceTree = "<group>"; };
		3128A8B2190843DD002E8F92 /* SlideNavigationContorllerAnimatorSlideAndFade.m */ = {isa = PBXFileReference; fileEncoding = 4; lastKnownFileType = sourcecode.c.objc; path = SlideNavigationContorllerAnimatorSlideAndFade.m; sourceTree = "<group>"; };
		3128A8B4190843DD002E8F92 /* menu-button.png */ = {isa = PBXFileReference; lastKnownFileType = image.png; path = "menu-button.png"; sourceTree = "<group>"; };
		3128A8B5190843DD002E8F92 /* menu-button@2x.png */ = {isa = PBXFileReference; lastKnownFileType = image.png; path = "menu-button@2x.png"; sourceTree = "<group>"; };
		3128A8C019084462002E8F92 /* MenuViewController.h */ = {isa = PBXFileReference; fileEncoding = 4; lastKnownFileType = sourcecode.c.h; path = MenuViewController.h; sourceTree = "<group>"; };
		3128A8C119084462002E8F92 /* MenuViewController.m */ = {isa = PBXFileReference; fileEncoding = 4; lastKnownFileType = sourcecode.c.objc; path = MenuViewController.m; sourceTree = "<group>"; };
		3128A8D919084985002E8F92 /* AFNetworkActivityIndicatorManager.h */ = {isa = PBXFileReference; fileEncoding = 4; lastKnownFileType = sourcecode.c.h; path = AFNetworkActivityIndicatorManager.h; sourceTree = "<group>"; };
		3128A8DA19084985002E8F92 /* AFNetworkActivityIndicatorManager.m */ = {isa = PBXFileReference; fileEncoding = 4; lastKnownFileType = sourcecode.c.objc; path = AFNetworkActivityIndicatorManager.m; sourceTree = "<group>"; };
		3128A8E21908F13E002E8F92 /* SignUpViewController.h */ = {isa = PBXFileReference; fileEncoding = 4; lastKnownFileType = sourcecode.c.h; path = SignUpViewController.h; sourceTree = "<group>"; };
		3128A8E31908F13E002E8F92 /* SignUpViewController.m */ = {isa = PBXFileReference; fileEncoding = 4; lastKnownFileType = sourcecode.c.objc; path = SignUpViewController.m; sourceTree = "<group>"; };
		3128A8E51908F5A4002E8F92 /* WHHTTPClient.h */ = {isa = PBXFileReference; fileEncoding = 4; lastKnownFileType = sourcecode.c.h; path = WHHTTPClient.h; sourceTree = "<group>"; };
		3128A8E61908F5A4002E8F92 /* WHHTTPClient.m */ = {isa = PBXFileReference; fileEncoding = 4; lastKnownFileType = sourcecode.c.objc; path = WHHTTPClient.m; sourceTree = "<group>"; };
		3128A8E819090317002E8F92 /* PhotoUploadViewController.h */ = {isa = PBXFileReference; fileEncoding = 4; lastKnownFileType = sourcecode.c.h; path = PhotoUploadViewController.h; sourceTree = "<group>"; };
		3128A8E919090317002E8F92 /* PhotoUploadViewController.m */ = {isa = PBXFileReference; fileEncoding = 4; lastKnownFileType = sourcecode.c.objc; path = PhotoUploadViewController.m; sourceTree = "<group>"; };
		3128A92F19099BC5002E8F92 /* SlideNavigationController.h */ = {isa = PBXFileReference; fileEncoding = 4; lastKnownFileType = sourcecode.c.h; path = SlideNavigationController.h; sourceTree = "<group>"; };
		3128A93019099BC5002E8F92 /* SlideNavigationController.m */ = {isa = PBXFileReference; fileEncoding = 4; lastKnownFileType = sourcecode.c.objc; path = SlideNavigationController.m; sourceTree = "<group>"; };
		3128A9361909A271002E8F92 /* PushCustomSegue.h */ = {isa = PBXFileReference; fileEncoding = 4; lastKnownFileType = sourcecode.c.h; path = PushCustomSegue.h; sourceTree = "<group>"; };
		3128A9371909A271002E8F92 /* PushCustomSegue.m */ = {isa = PBXFileReference; fileEncoding = 4; lastKnownFileType = sourcecode.c.objc; path = PushCustomSegue.m; sourceTree = "<group>"; };
		3128A9421909ECF4002E8F92 /* SettingViewController.h */ = {isa = PBXFileReference; fileEncoding = 4; lastKnownFileType = sourcecode.c.h; path = SettingViewController.h; sourceTree = "<group>"; };
		3128A9431909ECF4002E8F92 /* SettingViewController.m */ = {isa = PBXFileReference; fileEncoding = 4; lastKnownFileType = sourcecode.c.objc; path = SettingViewController.m; sourceTree = "<group>"; };
		3128A957190B077A002E8F92 /* PhotoViewCell.h */ = {isa = PBXFileReference; fileEncoding = 4; lastKnownFileType = sourcecode.c.h; path = PhotoViewCell.h; sourceTree = "<group>"; };
		3128A958190B077A002E8F92 /* PhotoViewCell.m */ = {isa = PBXFileReference; fileEncoding = 4; lastKnownFileType = sourcecode.c.objc; path = PhotoViewCell.m; sourceTree = "<group>"; };
		3128A959190B077A002E8F92 /* PhotoViewCell.xib */ = {isa = PBXFileReference; fileEncoding = 4; lastKnownFileType = file.xib; path = PhotoViewCell.xib; sourceTree = "<group>"; };
		3128A95C190B085B002E8F92 /* BasicProfileCell.h */ = {isa = PBXFileReference; fileEncoding = 4; lastKnownFileType = sourcecode.c.h; path = BasicProfileCell.h; sourceTree = "<group>"; };
		3128A95D190B085B002E8F92 /* BasicProfileCell.m */ = {isa = PBXFileReference; fileEncoding = 4; lastKnownFileType = sourcecode.c.objc; path = BasicProfileCell.m; sourceTree = "<group>"; };
		3128A95E190B085B002E8F92 /* BasicProfileCell.xib */ = {isa = PBXFileReference; fileEncoding = 4; lastKnownFileType = file.xib; path = BasicProfileCell.xib; sourceTree = "<group>"; };
		3128A961190B24C3002E8F92 /* Phone.png */ = {isa = PBXFileReference; lastKnownFileType = image.png; path = Phone.png; sourceTree = "<group>"; };
		3128A963190B2BE4002E8F92 /* EditViewController.h */ = {isa = PBXFileReference; fileEncoding = 4; lastKnownFileType = sourcecode.c.h; path = EditViewController.h; sourceTree = "<group>"; };
		3128A964190B2BE4002E8F92 /* EditViewController.m */ = {isa = PBXFileReference; fileEncoding = 4; lastKnownFileType = sourcecode.c.objc; path = EditViewController.m; sourceTree = "<group>"; };
		3128A971190C908C002E8F92 /* GBPathImageView.h */ = {isa = PBXFileReference; fileEncoding = 4; lastKnownFileType = sourcecode.c.h; path = GBPathImageView.h; sourceTree = "<group>"; };
		3128A972190C908C002E8F92 /* GBPathImageView.m */ = {isa = PBXFileReference; fileEncoding = 4; lastKnownFileType = sourcecode.c.objc; path = GBPathImageView.m; sourceTree = "<group>"; };
		3128A975190CAF56002E8F92 /* UIAlertView+Blocks.h */ = {isa = PBXFileReference; fileEncoding = 4; lastKnownFileType = sourcecode.c.h; path = "UIAlertView+Blocks.h"; sourceTree = "<group>"; };
		3128A976190CAF56002E8F92 /* UIAlertView+Blocks.m */ = {isa = PBXFileReference; fileEncoding = 4; lastKnownFileType = sourcecode.c.objc; path = "UIAlertView+Blocks.m"; sourceTree = "<group>"; };
		3128A97C190CB791002E8F92 /* Global.h */ = {isa = PBXFileReference; lastKnownFileType = sourcecode.c.h; path = Global.h; sourceTree = "<group>"; };
		3128A97D190CDD6E002E8F92 /* CommonDataManager.h */ = {isa = PBXFileReference; fileEncoding = 4; lastKnownFileType = sourcecode.c.h; path = CommonDataManager.h; sourceTree = "<group>"; };
		3128A97E190CDD6E002E8F92 /* CommonDataManager.m */ = {isa = PBXFileReference; fileEncoding = 4; lastKnownFileType = sourcecode.c.objc; path = CommonDataManager.m; sourceTree = "<group>"; };
		3128A980190D200C002E8F92 /* VenueViewController.h */ = {isa = PBXFileReference; fileEncoding = 4; lastKnownFileType = sourcecode.c.h; path = VenueViewController.h; sourceTree = "<group>"; };
		3128A981190D200C002E8F92 /* VenueViewController.m */ = {isa = PBXFileReference; fileEncoding = 4; lastKnownFileType = sourcecode.c.objc; path = VenueViewController.m; sourceTree = "<group>"; };
		31A9884D190E42210060624C /* ChatViewController.h */ = {isa = PBXFileReference; fileEncoding = 4; lastKnownFileType = sourcecode.c.h; path = ChatViewController.h; sourceTree = "<group>"; };
		31A9884E190E42210060624C /* ChatViewController.m */ = {isa = PBXFileReference; fileEncoding = 4; lastKnownFileType = sourcecode.c.objc; path = ChatViewController.m; sourceTree = "<group>"; };
		31A98850190E42720060624C /* AboutViewController.h */ = {isa = PBXFileReference; fileEncoding = 4; lastKnownFileType = sourcecode.c.h; path = AboutViewController.h; sourceTree = "<group>"; };
		31A98851190E42720060624C /* AboutViewController.m */ = {isa = PBXFileReference; fileEncoding = 4; lastKnownFileType = sourcecode.c.objc; path = AboutViewController.m; sourceTree = "<group>"; };
/* End PBXFileReference section */

/* Begin PBXFrameworksBuildPhase section */
		3128A7D419083E47002E8F92 /* Frameworks */ = {
			isa = PBXFrameworksBuildPhase;
			buildActionMask = 2147483647;
			files = (
				3128A7DD19083E47002E8F92 /* CoreGraphics.framework in Frameworks */,
				3128A7DF19083E47002E8F92 /* UIKit.framework in Frameworks */,
				3128A7DB19083E47002E8F92 /* Foundation.framework in Frameworks */,
			);
			runOnlyForDeploymentPostprocessing = 0;
		};
		3128A7F519083E47002E8F92 /* Frameworks */ = {
			isa = PBXFrameworksBuildPhase;
			buildActionMask = 2147483647;
			files = (
				3128A7FA19083E47002E8F92 /* XCTest.framework in Frameworks */,
				3128A7FC19083E47002E8F92 /* UIKit.framework in Frameworks */,
				3128A7FB19083E47002E8F92 /* Foundation.framework in Frameworks */,
			);
			runOnlyForDeploymentPostprocessing = 0;
		};
/* End PBXFrameworksBuildPhase section */

/* Begin PBXGroup section */
		3128A7CE19083E46002E8F92 = {
			isa = PBXGroup;
			children = (
				3128A80F19083E9C002E8F92 /* Third Party Lib */,
				3128A7E019083E47002E8F92 /* WHClubBook */,
				3128A7FF19083E47002E8F92 /* WHClubBookTests */,
				3128A7D919083E47002E8F92 /* Frameworks */,
				3128A7D819083E47002E8F92 /* Products */,
			);
			sourceTree = "<group>";
		};
		3128A7D819083E47002E8F92 /* Products */ = {
			isa = PBXGroup;
			children = (
				3128A7D719083E47002E8F92 /* WHClubBook.app */,
				3128A7F819083E47002E8F92 /* WHClubBookTests.xctest */,
			);
			name = Products;
			sourceTree = "<group>";
		};
		3128A7D919083E47002E8F92 /* Frameworks */ = {
			isa = PBXGroup;
			children = (
				3128A7DA19083E47002E8F92 /* Foundation.framework */,
				3128A7DC19083E47002E8F92 /* CoreGraphics.framework */,
				3128A7DE19083E47002E8F92 /* UIKit.framework */,
				3128A7F919083E47002E8F92 /* XCTest.framework */,
			);
			name = Frameworks;
			sourceTree = "<group>";
		};
		3128A7E019083E47002E8F92 /* WHClubBook */ = {
			isa = PBXGroup;
			children = (
				3128A81019083EB2002E8F92 /* App delegate */,
				3128A978190CB72A002E8F92 /* Common */,
				3128A974190CAF3B002E8F92 /* Category */,
				3128A9321909A0BF002E8F92 /* ViewTransition */,
				3128A88A19084209002E8F92 /* Model */,
				3128A81119083EBB002E8F92 /* HTTP client */,
				3128A81319083ECF002E8F92 /* Controller */,
				3128A81219083EC4002E8F92 /* View */,
				3128A7E119083E47002E8F92 /* Supporting Files */,
				3128A7F219083E47002E8F92 /* Images.xcassets */,
			);
			path = WHClubBook;
			sourceTree = "<group>";
		};
		3128A7E119083E47002E8F92 /* Supporting Files */ = {
			isa = PBXGroup;
			children = (
				3128A961190B24C3002E8F92 /* Phone.png */,
				3128A8861908415A002E8F92 /* Background.png */,
				3128A8871908415A002E8F92 /* Background@2x.png */,
				3128A87919084142002E8F92 /* female.png */,
				3128A87C19084142002E8F92 /* image1.jpg */,
				3128A87D19084142002E8F92 /* image2.jpg */,
				3128A87E19084142002E8F92 /* image3.jpg */,
				3128A87F19084142002E8F92 /* image4.jpg */,
				3128A7E219083E47002E8F92 /* WHClubBook-Info.plist */,
				3128A7E319083E47002E8F92 /* InfoPlist.strings */,
				3128A7E619083E47002E8F92 /* main.m */,
				3128A7E819083E47002E8F92 /* WHClubBook-Prefix.pch */,
			);
			name = "Supporting Files";
			sourceTree = "<group>";
		};
		3128A7FF19083E47002E8F92 /* WHClubBookTests */ = {
			isa = PBXGroup;
			children = (
				3128A80519083E47002E8F92 /* WHClubBookTests.m */,
				3128A80019083E47002E8F92 /* Supporting Files */,
			);
			path = WHClubBookTests;
			sourceTree = "<group>";
		};
		3128A80019083E47002E8F92 /* Supporting Files */ = {
			isa = PBXGroup;
			children = (
				3128A80119083E47002E8F92 /* WHClubBookTests-Info.plist */,
				3128A80219083E47002E8F92 /* InfoPlist.strings */,
			);
			name = "Supporting Files";
			sourceTree = "<group>";
		};
		3128A80F19083E9C002E8F92 /* Third Party Lib */ = {
			isa = PBXGroup;
			children = (
				3128A970190C906A002E8F92 /* Image manipulation */,
				3128A8A6190843C8002E8F92 /* Slider Menu */,
				3128A81519083F02002E8F92 /* UIKIt+AFNetworking */,
				3128A81419083EF6002E8F92 /* AFNetworking */,
			);
			name = "Third Party Lib";
			sourceTree = "<group>";
		};
		3128A81019083EB2002E8F92 /* App delegate */ = {
			isa = PBXGroup;
			children = (
				3128A7E919083E47002E8F92 /* AppDelegate.h */,
				3128A7EA19083E47002E8F92 /* AppDelegate.m */,
			);
			name = "App delegate";
			sourceTree = "<group>";
		};
		3128A81119083EBB002E8F92 /* HTTP client */ = {
			isa = PBXGroup;
			children = (
				3128A8E51908F5A4002E8F92 /* WHHTTPClient.h */,
				3128A8E61908F5A4002E8F92 /* WHHTTPClient.m */,
			);
			name = "HTTP client";
			sourceTree = "<group>";
		};
		3128A81219083EC4002E8F92 /* View */ = {
			isa = PBXGroup;
			children = (
				3128A7EC19083E47002E8F92 /* Main.storyboard */,
				3128A957190B077A002E8F92 /* PhotoViewCell.h */,
				3128A958190B077A002E8F92 /* PhotoViewCell.m */,
				3128A959190B077A002E8F92 /* PhotoViewCell.xib */,
				3128A95C190B085B002E8F92 /* BasicProfileCell.h */,
				3128A95D190B085B002E8F92 /* BasicProfileCell.m */,
				3128A95E190B085B002E8F92 /* BasicProfileCell.xib */,
				3128A8631908410F002E8F92 /* VenueTableView.h */,
				3128A8641908410F002E8F92 /* VenueTableView.m */,
				3128A8671908410F002E8F92 /* VenueTableViewCell.xib */,
				3128A8651908410F002E8F92 /* VenueTableViewCell.h */,
				3128A8661908410F002E8F92 /* VenueTableViewCell.m */,
				3128A8501908410F002E8F92 /* PieChart.h */,
				3128A8511908410F002E8F92 /* PieChart.m */,
			);
			name = View;
			sourceTree = "<group>";
		};
		3128A81319083ECF002E8F92 /* Controller */ = {
			isa = PBXGroup;
			children = (
				3128A8C019084462002E8F92 /* MenuViewController.h */,
				3128A8C119084462002E8F92 /* MenuViewController.m */,
				3128A8A219084352002E8F92 /* LaunchViewController.h */,
				3128A8A319084352002E8F92 /* LaunchViewController.m */,
				3128A8571908410F002E8F92 /* SignInViewController.h */,
				3128A8581908410F002E8F92 /* SignInViewController.m */,
				3128A8611908410F002E8F92 /* VenueDetailedViewController.h */,
				3128A8621908410F002E8F92 /* VenueDetailedViewController.m */,
				3128A8E21908F13E002E8F92 /* SignUpViewController.h */,
				3128A8E31908F13E002E8F92 /* SignUpViewController.m */,
				3128A8E819090317002E8F92 /* PhotoUploadViewController.h */,
				3128A8E919090317002E8F92 /* PhotoUploadViewController.m */,
				3128A9421909ECF4002E8F92 /* SettingViewController.h */,
				3128A9431909ECF4002E8F92 /* SettingViewController.m */,
				3128A963190B2BE4002E8F92 /* EditViewController.h */,
				3128A964190B2BE4002E8F92 /* EditViewController.m */,
				3128A980190D200C002E8F92 /* VenueViewController.h */,
				3128A981190D200C002E8F92 /* VenueViewController.m */,
				31A9884D190E42210060624C /* ChatViewController.h */,
				31A9884E190E42210060624C /* ChatViewController.m */,
				31A98850190E42720060624C /* AboutViewController.h */,
				31A98851190E42720060624C /* AboutViewController.m */,
			);
			name = Controller;
			sourceTree = "<group>";
		};
		3128A81419083EF6002E8F92 /* AFNetworking */ = {
			isa = PBXGroup;
			children = (
				3128A84019084027002E8F92 /* AFNetworking.h */,
				3128A81A19083F3C002E8F92 /* NSURLConnection */,
				3128A81919083F2D002E8F92 /* NSURLSession */,
				3128A81819083F24002E8F92 /* Serialization */,
				3128A81719083F1B002E8F92 /* Reachbility */,
				3128A81619083F14002E8F92 /* Security */,
			);
			name = AFNetworking;
			sourceTree = "<group>";
		};
		3128A81519083F02002E8F92 /* UIKIt+AFNetworking */ = {
			isa = PBXGroup;
			children = (
				3128A8D919084985002E8F92 /* AFNetworkActivityIndicatorManager.h */,
				3128A8DA19084985002E8F92 /* AFNetworkActivityIndicatorManager.m */,
				3128A88B19084313002E8F92 /* UIActivityIndicatorView+AFNetworking.h */,
				3128A88C19084313002E8F92 /* UIActivityIndicatorView+AFNetworking.m */,
				3128A88D19084313002E8F92 /* UIAlertView+AFNetworking.h */,
				3128A88E19084313002E8F92 /* UIAlertView+AFNetworking.m */,
				3128A88F19084313002E8F92 /* UIButton+AFNetworking.h */,
				3128A89019084313002E8F92 /* UIButton+AFNetworking.m */,
				3128A89119084313002E8F92 /* UIImageView+AFNetworking.h */,
				3128A89219084313002E8F92 /* UIImageView+AFNetworking.m */,
				3128A89319084313002E8F92 /* UIKit+AFNetworking.h */,
				3128A89419084313002E8F92 /* UIProgressView+AFNetworking.h */,
				3128A89519084313002E8F92 /* UIProgressView+AFNetworking.m */,
				3128A89619084313002E8F92 /* UIRefreshControl+AFNetworking.h */,
				3128A89719084313002E8F92 /* UIRefreshControl+AFNetworking.m */,
				3128A89819084313002E8F92 /* UIWebView+AFNetworking.h */,
				3128A89919084313002E8F92 /* UIWebView+AFNetworking.m */,
			);
			name = "UIKIt+AFNetworking";
			sourceTree = "<group>";
		};
		3128A81619083F14002E8F92 /* Security */ = {
			isa = PBXGroup;
			children = (
				3128A83D1908400E002E8F92 /* AFSecurityPolicy.h */,
				3128A83E1908400E002E8F92 /* AFSecurityPolicy.m */,
			);
			name = Security;
			sourceTree = "<group>";
		};
		3128A81719083F1B002E8F92 /* Reachbility */ = {
			isa = PBXGroup;
			children = (
				3128A8411908404B002E8F92 /* AFNetworkReachabilityManager.h */,
				3128A8421908404B002E8F92 /* AFNetworkReachabilityManager.m */,
			);
			name = Reachbility;
			sourceTree = "<group>";
		};
		3128A81819083F24002E8F92 /* Serialization */ = {
			isa = PBXGroup;
			children = (
				3128A83119083FA7002E8F92 /* AFURLRequestSerialization.h */,
				3128A83219083FA7002E8F92 /* AFURLRequestSerialization.m */,
				3128A83319083FA7002E8F92 /* AFURLResponseSerialization.h */,
				3128A83419083FA7002E8F92 /* AFURLResponseSerialization.m */,
			);
			name = Serialization;
			sourceTree = "<group>";
		};
		3128A81919083F2D002E8F92 /* NSURLSession */ = {
			isa = PBXGroup;
			children = (
				3128A83719083FD2002E8F92 /* AFURLSessionManager.h */,
				3128A83819083FD2002E8F92 /* AFURLSessionManager.m */,
				3128A83A19083FEF002E8F92 /* AFHTTPSessionManager.h */,
				3128A83B19083FEF002E8F92 /* AFHTTPSessionManager.m */,
			);
			name = NSURLSession;
			sourceTree = "<group>";
		};
		3128A81A19083F3C002E8F92 /* NSURLConnection */ = {
			isa = PBXGroup;
			children = (
				3128A84A190840A7002E8F92 /* AFURLConnectionOperation.h */,
				3128A84B190840A7002E8F92 /* AFURLConnectionOperation.m */,
				3128A8441908407F002E8F92 /* AFHTTPRequestOperation.h */,
				3128A8451908407F002E8F92 /* AFHTTPRequestOperation.m */,
				3128A8461908407F002E8F92 /* AFHTTPRequestOperationManager.h */,
				3128A8471908407F002E8F92 /* AFHTTPRequestOperationManager.m */,
			);
			name = NSURLConnection;
			sourceTree = "<group>";
		};
		3128A88A19084209002E8F92 /* Model */ = {
			isa = PBXGroup;
			children = (
				3128A85E1908410F002E8F92 /* Venue.h */,
				3128A85F1908410F002E8F92 /* Venue.m */,
			);
			name = Model;
			sourceTree = "<group>";
		};
		3128A8A6190843C8002E8F92 /* Slider Menu */ = {
			isa = PBXGroup;
			children = (
				3128A92F19099BC5002E8F92 /* SlideNavigationController.h */,
				3128A93019099BC5002E8F92 /* SlideNavigationController.m */,
				3128A8A7190843DD002E8F92 /* Animations */,
				3128A8B3190843DD002E8F92 /* Assets */,
			);
			name = "Slider Menu";
			sourceTree = "<group>";
		};
		3128A8A7190843DD002E8F92 /* Animations */ = {
			isa = PBXGroup;
			children = (
				3128A8A8190843DD002E8F92 /* SlideNavigationContorllerAnimator.h */,
				3128A8A9190843DD002E8F92 /* SlideNavigationContorllerAnimatorFade.h */,
				3128A8AA190843DD002E8F92 /* SlideNavigationContorllerAnimatorFade.m */,
				3128A8AB190843DD002E8F92 /* SlideNavigationContorllerAnimatorScale.h */,
				3128A8AC190843DD002E8F92 /* SlideNavigationContorllerAnimatorScale.m */,
				3128A8AD190843DD002E8F92 /* SlideNavigationContorllerAnimatorScaleAndFade.h */,
				3128A8AE190843DD002E8F92 /* SlideNavigationContorllerAnimatorScaleAndFade.m */,
				3128A8AF190843DD002E8F92 /* SlideNavigationContorllerAnimatorSlide.h */,
				3128A8B0190843DD002E8F92 /* SlideNavigationContorllerAnimatorSlide.m */,
				3128A8B1190843DD002E8F92 /* SlideNavigationContorllerAnimatorSlideAndFade.h */,
				3128A8B2190843DD002E8F92 /* SlideNavigationContorllerAnimatorSlideAndFade.m */,
			);
			path = Animations;
			sourceTree = "<group>";
		};
		3128A8B3190843DD002E8F92 /* Assets */ = {
			isa = PBXGroup;
			children = (
				3128A8B4190843DD002E8F92 /* menu-button.png */,
				3128A8B5190843DD002E8F92 /* menu-button@2x.png */,
			);
			path = Assets;
			sourceTree = "<group>";
		};
		3128A9321909A0BF002E8F92 /* ViewTransition */ = {
			isa = PBXGroup;
			children = (
				3128A9361909A271002E8F92 /* PushCustomSegue.h */,
				3128A9371909A271002E8F92 /* PushCustomSegue.m */,
			);
			name = ViewTransition;
			sourceTree = "<group>";
		};
		3128A970190C906A002E8F92 /* Image manipulation */ = {
			isa = PBXGroup;
			children = (
				3128A971190C908C002E8F92 /* GBPathImageView.h */,
				3128A972190C908C002E8F92 /* GBPathImageView.m */,
			);
			name = "Image manipulation";
			sourceTree = "<group>";
		};
		3128A974190CAF3B002E8F92 /* Category */ = {
			isa = PBXGroup;
			children = (
				3128A975190CAF56002E8F92 /* UIAlertView+Blocks.h */,
				3128A976190CAF56002E8F92 /* UIAlertView+Blocks.m */,
			);
			name = Category;
			path = ..;
			sourceTree = "<group>";
		};
		3128A978190CB72A002E8F92 /* Common */ = {
			isa = PBXGroup;
			children = (
				3128A97C190CB791002E8F92 /* Global.h */,
				3128A97D190CDD6E002E8F92 /* CommonDataManager.h */,
				3128A97E190CDD6E002E8F92 /* CommonDataManager.m */,
			);
			name = Common;
			sourceTree = "<group>";
		};
/* End PBXGroup section */

/* Begin PBXNativeTarget section */
		3128A7D619083E47002E8F92 /* WHClubBook */ = {
			isa = PBXNativeTarget;
			buildConfigurationList = 3128A80919083E47002E8F92 /* Build configuration list for PBXNativeTarget "WHClubBook" */;
			buildPhases = (
				3128A7D319083E47002E8F92 /* Sources */,
				3128A7D419083E47002E8F92 /* Frameworks */,
				3128A7D519083E47002E8F92 /* Resources */,
			);
			buildRules = (
			);
			dependencies = (
			);
			name = WHClubBook;
			productName = WHClubBook;
			productReference = 3128A7D719083E47002E8F92 /* WHClubBook.app */;
			productType = "com.apple.product-type.application";
		};
		3128A7F719083E47002E8F92 /* WHClubBookTests */ = {
			isa = PBXNativeTarget;
			buildConfigurationList = 3128A80C19083E47002E8F92 /* Build configuration list for PBXNativeTarget "WHClubBookTests" */;
			buildPhases = (
				3128A7F419083E47002E8F92 /* Sources */,
				3128A7F519083E47002E8F92 /* Frameworks */,
				3128A7F619083E47002E8F92 /* Resources */,
			);
			buildRules = (
			);
			dependencies = (
				3128A7FE19083E47002E8F92 /* PBXTargetDependency */,
			);
			name = WHClubBookTests;
			productName = WHClubBookTests;
			productReference = 3128A7F819083E47002E8F92 /* WHClubBookTests.xctest */;
			productType = "com.apple.product-type.bundle.unit-test";
		};
/* End PBXNativeTarget section */

/* Begin PBXProject section */
		3128A7CF19083E46002E8F92 /* Project object */ = {
			isa = PBXProject;
			attributes = {
				LastUpgradeCheck = 0510;
				ORGANIZATIONNAME = whispr;
				TargetAttributes = {
					3128A7F719083E47002E8F92 = {
						TestTargetID = 3128A7D619083E47002E8F92;
					};
				};
			};
			buildConfigurationList = 3128A7D219083E46002E8F92 /* Build configuration list for PBXProject "WHClubBook" */;
			compatibilityVersion = "Xcode 3.2";
			developmentRegion = English;
			hasScannedForEncodings = 0;
			knownRegions = (
				en,
				Base,
			);
			mainGroup = 3128A7CE19083E46002E8F92;
			productRefGroup = 3128A7D819083E47002E8F92 /* Products */;
			projectDirPath = "";
			projectRoot = "";
			targets = (
				3128A7D619083E47002E8F92 /* WHClubBook */,
				3128A7F719083E47002E8F92 /* WHClubBookTests */,
			);
		};
/* End PBXProject section */

/* Begin PBXResourcesBuildPhase section */
		3128A7D519083E47002E8F92 /* Resources */ = {
			isa = PBXResourcesBuildPhase;
			buildActionMask = 2147483647;
			files = (
				3128A8BD190843DD002E8F92 /* menu-button.png in Resources */,
				3128A7F319083E47002E8F92 /* Images.xcassets in Resources */,
				3128A7E519083E47002E8F92 /* InfoPlist.strings in Resources */,
				3128A8881908415A002E8F92 /* Background.png in Resources */,
				3128A960190B085B002E8F92 /* BasicProfileCell.xib in Resources */,
				3128A7EE19083E47002E8F92 /* Main.storyboard in Resources */,
				3128A8771908410F002E8F92 /* VenueTableViewCell.xib in Resources */,
				3128A95B190B077A002E8F92 /* PhotoViewCell.xib in Resources */,
				3128A88419084142002E8F92 /* image3.jpg in Resources */,
				3128A8891908415A002E8F92 /* Background@2x.png in Resources */,
				3128A8BE190843DD002E8F92 /* menu-button@2x.png in Resources */,
				3128A962190B24C3002E8F92 /* Phone.png in Resources */,
				3128A88319084142002E8F92 /* image2.jpg in Resources */,
				3128A88519084142002E8F92 /* image4.jpg in Resources */,
				3128A88019084142002E8F92 /* female.png in Resources */,
				3128A88219084142002E8F92 /* image1.jpg in Resources */,
			);
			runOnlyForDeploymentPostprocessing = 0;
		};
		3128A7F619083E47002E8F92 /* Resources */ = {
			isa = PBXResourcesBuildPhase;
			buildActionMask = 2147483647;
			files = (
				3128A80419083E47002E8F92 /* InfoPlist.strings in Resources */,
			);
			runOnlyForDeploymentPostprocessing = 0;
		};
/* End PBXResourcesBuildPhase section */

/* Begin PBXSourcesBuildPhase section */
		3128A7D319083E47002E8F92 /* Sources */ = {
			isa = PBXSourcesBuildPhase;
			buildActionMask = 2147483647;
			files = (
				3128A89E19084313002E8F92 /* UIProgressView+AFNetworking.m in Sources */,
				3128A89F19084313002E8F92 /* UIRefreshControl+AFNetworking.m in Sources */,
				3128A973190C908C002E8F92 /* GBPathImageView.m in Sources */,
				3128A9441909ECF4002E8F92 /* SettingViewController.m in Sources */,
				3128A8BC190843DD002E8F92 /* SlideNavigationContorllerAnimatorSlideAndFade.m in Sources */,
				3128A93119099BC5002E8F92 /* SlideNavigationController.m in Sources */,
				3128A8A019084313002E8F92 /* UIWebView+AFNetworking.m in Sources */,
				3128A8751908410F002E8F92 /* VenueTableView.m in Sources */,
				3128A8431908404B002E8F92 /* AFNetworkReachabilityManager.m in Sources */,
				3128A8481908407F002E8F92 /* AFHTTPRequestOperation.m in Sources */,
				3128A7EB19083E47002E8F92 /* AppDelegate.m in Sources */,
				3128A965190B2BE4002E8F92 /* EditViewController.m in Sources */,
				3128A89A19084313002E8F92 /* UIActivityIndicatorView+AFNetworking.m in Sources */,
				3128A86A1908410F002E8F92 /* PieChart.m in Sources */,
				3128A84C190840A7002E8F92 /* AFURLConnectionOperation.m in Sources */,
				3128A8721908410F002E8F92 /* Venue.m in Sources */,
				3128A977190CAF56002E8F92 /* UIAlertView+Blocks.m in Sources */,
				3128A95A190B077A002E8F92 /* PhotoViewCell.m in Sources */,
				3128A8A519084352002E8F92 /* LaunchViewController.m in Sources */,
				3128A97F190CDD6E002E8F92 /* CommonDataManager.m in Sources */,
				3128A8E71908F5A4002E8F92 /* WHHTTPClient.m in Sources */,
				3128A7E719083E47002E8F92 /* main.m in Sources */,
				3128A86E1908410F002E8F92 /* SignInViewController.m in Sources */,
				31A98852190E42730060624C /* AboutViewController.m in Sources */,
				3128A8B8190843DD002E8F92 /* SlideNavigationContorllerAnimatorFade.m in Sources */,
				3128A8B9190843DD002E8F92 /* SlideNavigationContorllerAnimatorScale.m in Sources */,
				3128A8491908407F002E8F92 /* AFHTTPRequestOperationManager.m in Sources */,
				3128A8C219084462002E8F92 /* MenuViewController.m in Sources */,
				3128A8EA19090317002E8F92 /* PhotoUploadViewController.m in Sources */,
				3128A83919083FD2002E8F92 /* AFURLSessionManager.m in Sources */,
				3128A9381909A271002E8F92 /* PushCustomSegue.m in Sources */,
				3128A89D19084313002E8F92 /* UIImageView+AFNetworking.m in Sources */,
				3128A982190D200D002E8F92 /* VenueViewController.m in Sources */,
				3128A83F1908400E002E8F92 /* AFSecurityPolicy.m in Sources */,
				3128A8761908410F002E8F92 /* VenueTableViewCell.m in Sources */,
				3128A8E41908F13E002E8F92 /* SignUpViewController.m in Sources */,
				3128A83519083FA7002E8F92 /* AFURLRequestSerialization.m in Sources */,
				3128A89B19084313002E8F92 /* UIAlertView+AFNetworking.m in Sources */,
				3128A8BB190843DD002E8F92 /* SlideNavigationContorllerAnimatorSlide.m in Sources */,
				3128A8BA190843DD002E8F92 /* SlideNavigationContorllerAnimatorScaleAndFade.m in Sources */,
				3128A83C19083FEF002E8F92 /* AFHTTPSessionManager.m in Sources */,
				3128A8741908410F002E8F92 /* VenueDetailedViewController.m in Sources */,
				3128A8DB19084985002E8F92 /* AFNetworkActivityIndicatorManager.m in Sources */,
				3128A83619083FA7002E8F92 /* AFURLResponseSerialization.m in Sources */,
				3128A95F190B085B002E8F92 /* BasicProfileCell.m in Sources */,
				31A9884F190E42210060624C /* ChatViewController.m in Sources */,
				3128A89C19084313002E8F92 /* UIButton+AFNetworking.m in Sources */,
			);
			runOnlyForDeploymentPostprocessing = 0;
		};
		3128A7F419083E47002E8F92 /* Sources */ = {
			isa = PBXSourcesBuildPhase;
			buildActionMask = 2147483647;
			files = (
				3128A80619083E47002E8F92 /* WHClubBookTests.m in Sources */,
			);
			runOnlyForDeploymentPostprocessing = 0;
		};
/* End PBXSourcesBuildPhase section */

/* Begin PBXTargetDependency section */
		3128A7FE19083E47002E8F92 /* PBXTargetDependency */ = {
			isa = PBXTargetDependency;
			target = 3128A7D619083E47002E8F92 /* WHClubBook */;
			targetProxy = 3128A7FD19083E47002E8F92 /* PBXContainerItemProxy */;
		};
/* End PBXTargetDependency section */

/* Begin PBXVariantGroup section */
		3128A7E319083E47002E8F92 /* InfoPlist.strings */ = {
			isa = PBXVariantGroup;
			children = (
				3128A7E419083E47002E8F92 /* en */,
			);
			name = InfoPlist.strings;
			sourceTree = "<group>";
		};
		3128A7EC19083E47002E8F92 /* Main.storyboard */ = {
			isa = PBXVariantGroup;
			children = (
				3128A7ED19083E47002E8F92 /* Base */,
			);
			name = Main.storyboard;
			sourceTree = "<group>";
		};
		3128A80219083E47002E8F92 /* InfoPlist.strings */ = {
			isa = PBXVariantGroup;
			children = (
				3128A80319083E47002E8F92 /* en */,
			);
			name = InfoPlist.strings;
			sourceTree = "<group>";
		};
/* End PBXVariantGroup section */

/* Begin XCBuildConfiguration section */
		3128A80719083E47002E8F92 /* Debug */ = {
			isa = XCBuildConfiguration;
			buildSettings = {
				ALWAYS_SEARCH_USER_PATHS = NO;
				CLANG_CXX_LANGUAGE_STANDARD = "gnu++0x";
				CLANG_CXX_LIBRARY = "libc++";
				CLANG_ENABLE_MODULES = YES;
				CLANG_ENABLE_OBJC_ARC = YES;
				CLANG_WARN_BOOL_CONVERSION = YES;
				CLANG_WARN_CONSTANT_CONVERSION = YES;
				CLANG_WARN_DIRECT_OBJC_ISA_USAGE = YES_ERROR;
				CLANG_WARN_EMPTY_BODY = YES;
				CLANG_WARN_ENUM_CONVERSION = YES;
				CLANG_WARN_INT_CONVERSION = YES;
				CLANG_WARN_OBJC_ROOT_CLASS = YES_ERROR;
				CLANG_WARN__DUPLICATE_METHOD_MATCH = YES;
				"CODE_SIGN_IDENTITY[sdk=iphoneos*]" = "iPhone Developer";
				COPY_PHASE_STRIP = NO;
				GCC_C_LANGUAGE_STANDARD = gnu99;
				GCC_DYNAMIC_NO_PIC = NO;
				GCC_OPTIMIZATION_LEVEL = 0;
				GCC_PREPROCESSOR_DEFINITIONS = (
					"DEBUG=1",
					"$(inherited)",
				);
				GCC_SYMBOLS_PRIVATE_EXTERN = NO;
				GCC_WARN_64_TO_32_BIT_CONVERSION = YES;
				GCC_WARN_ABOUT_RETURN_TYPE = YES_ERROR;
				GCC_WARN_UNDECLARED_SELECTOR = YES;
				GCC_WARN_UNINITIALIZED_AUTOS = YES_AGGRESSIVE;
				GCC_WARN_UNUSED_FUNCTION = YES;
				GCC_WARN_UNUSED_VARIABLE = YES;
				IPHONEOS_DEPLOYMENT_TARGET = 7.1;
				ONLY_ACTIVE_ARCH = YES;
				SDKROOT = iphoneos;
			};
			name = Debug;
		};
		3128A80819083E47002E8F92 /* Release */ = {
			isa = XCBuildConfiguration;
			buildSettings = {
				ALWAYS_SEARCH_USER_PATHS = NO;
				CLANG_CXX_LANGUAGE_STANDARD = "gnu++0x";
				CLANG_CXX_LIBRARY = "libc++";
				CLANG_ENABLE_MODULES = YES;
				CLANG_ENABLE_OBJC_ARC = YES;
				CLANG_WARN_BOOL_CONVERSION = YES;
				CLANG_WARN_CONSTANT_CONVERSION = YES;
				CLANG_WARN_DIRECT_OBJC_ISA_USAGE = YES_ERROR;
				CLANG_WARN_EMPTY_BODY = YES;
				CLANG_WARN_ENUM_CONVERSION = YES;
				CLANG_WARN_INT_CONVERSION = YES;
				CLANG_WARN_OBJC_ROOT_CLASS = YES_ERROR;
				CLANG_WARN__DUPLICATE_METHOD_MATCH = YES;
				"CODE_SIGN_IDENTITY[sdk=iphoneos*]" = "iPhone Developer";
				COPY_PHASE_STRIP = YES;
				ENABLE_NS_ASSERTIONS = NO;
				GCC_C_LANGUAGE_STANDARD = gnu99;
				GCC_WARN_64_TO_32_BIT_CONVERSION = YES;
				GCC_WARN_ABOUT_RETURN_TYPE = YES_ERROR;
				GCC_WARN_UNDECLARED_SELECTOR = YES;
				GCC_WARN_UNINITIALIZED_AUTOS = YES_AGGRESSIVE;
				GCC_WARN_UNUSED_FUNCTION = YES;
				GCC_WARN_UNUSED_VARIABLE = YES;
				IPHONEOS_DEPLOYMENT_TARGET = 7.1;
				SDKROOT = iphoneos;
				VALIDATE_PRODUCT = YES;
			};
			name = Release;
		};
		3128A80A19083E47002E8F92 /* Debug */ = {
			isa = XCBuildConfiguration;
			buildSettings = {
				ASSETCATALOG_COMPILER_APPICON_NAME = AppIcon;
				ASSETCATALOG_COMPILER_LAUNCHIMAGE_NAME = LaunchImage;
				GCC_PRECOMPILE_PREFIX_HEADER = YES;
				GCC_PREFIX_HEADER = "WHClubBook/WHClubBook-Prefix.pch";
				INFOPLIST_FILE = "WHClubBook/WHClubBook-Info.plist";
				PRODUCT_NAME = "$(TARGET_NAME)";
				WRAPPER_EXTENSION = app;
			};
			name = Debug;
		};
		3128A80B19083E47002E8F92 /* Release */ = {
			isa = XCBuildConfiguration;
			buildSettings = {
				ASSETCATALOG_COMPILER_APPICON_NAME = AppIcon;
				ASSETCATALOG_COMPILER_LAUNCHIMAGE_NAME = LaunchImage;
				GCC_PRECOMPILE_PREFIX_HEADER = YES;
				GCC_PREFIX_HEADER = "WHClubBook/WHClubBook-Prefix.pch";
				INFOPLIST_FILE = "WHClubBook/WHClubBook-Info.plist";
				PRODUCT_NAME = "$(TARGET_NAME)";
				WRAPPER_EXTENSION = app;
			};
			name = Release;
		};
		3128A80D19083E47002E8F92 /* Debug */ = {
			isa = XCBuildConfiguration;
			buildSettings = {
				BUNDLE_LOADER = "$(BUILT_PRODUCTS_DIR)/WHClubBook.app/WHClubBook";
				FRAMEWORK_SEARCH_PATHS = (
					"$(SDKROOT)/Developer/Library/Frameworks",
					"$(inherited)",
					"$(DEVELOPER_FRAMEWORKS_DIR)",
				);
				GCC_PRECOMPILE_PREFIX_HEADER = YES;
				GCC_PREFIX_HEADER = "WHClubBook/WHClubBook-Prefix.pch";
				GCC_PREPROCESSOR_DEFINITIONS = (
					"DEBUG=1",
					"$(inherited)",
				);
				INFOPLIST_FILE = "WHClubBookTests/WHClubBookTests-Info.plist";
				PRODUCT_NAME = "$(TARGET_NAME)";
				TEST_HOST = "$(BUNDLE_LOADER)";
				WRAPPER_EXTENSION = xctest;
			};
			name = Debug;
		};
		3128A80E19083E47002E8F92 /* Release */ = {
			isa = XCBuildConfiguration;
			buildSettings = {
				BUNDLE_LOADER = "$(BUILT_PRODUCTS_DIR)/WHClubBook.app/WHClubBook";
				FRAMEWORK_SEARCH_PATHS = (
					"$(SDKROOT)/Developer/Library/Frameworks",
					"$(inherited)",
					"$(DEVELOPER_FRAMEWORKS_DIR)",
				);
				GCC_PRECOMPILE_PREFIX_HEADER = YES;
				GCC_PREFIX_HEADER = "WHClubBook/WHClubBook-Prefix.pch";
				INFOPLIST_FILE = "WHClubBookTests/WHClubBookTests-Info.plist";
				PRODUCT_NAME = "$(TARGET_NAME)";
				TEST_HOST = "$(BUNDLE_LOADER)";
				WRAPPER_EXTENSION = xctest;
			};
			name = Release;
		};
/* End XCBuildConfiguration section */

/* Begin XCConfigurationList section */
		3128A7D219083E46002E8F92 /* Build configuration list for PBXProject "WHClubBook" */ = {
			isa = XCConfigurationList;
			buildConfigurations = (
				3128A80719083E47002E8F92 /* Debug */,
				3128A80819083E47002E8F92 /* Release */,
			);
			defaultConfigurationIsVisible = 0;
			defaultConfigurationName = Release;
		};
		3128A80919083E47002E8F92 /* Build configuration list for PBXNativeTarget "WHClubBook" */ = {
			isa = XCConfigurationList;
			buildConfigurations = (
				3128A80A19083E47002E8F92 /* Debug */,
				3128A80B19083E47002E8F92 /* Release */,
			);
			defaultConfigurationIsVisible = 0;
			defaultConfigurationName = Release;
		};
		3128A80C19083E47002E8F92 /* Build configuration list for PBXNativeTarget "WHClubBookTests" */ = {
			isa = XCConfigurationList;
			buildConfigurations = (
				3128A80D19083E47002E8F92 /* Debug */,
				3128A80E19083E47002E8F92 /* Release */,
			);
			defaultConfigurationIsVisible = 0;
			defaultConfigurationName = Release;
		};
/* End XCConfigurationList section */
	};
	rootObject = 3128A7CF19083E46002E8F92 /* Project object */;
}
